// !$*UTF8*$!
{
	archiveVersion = 1;
	classes = {
	};
	objectVersion = 56;
	objects = {

/* Begin PBXBuildFile section */
		4B01018D29E7064200CE418A /* ProductListViewController.swift in Sources */ = {isa = PBXBuildFile; fileRef = 4B01018C29E7064200CE418A /* ProductListViewController.swift */; };
		4B01018F29E7065500CE418A /* ProductListView.swift in Sources */ = {isa = PBXBuildFile; fileRef = 4B01018E29E7065500CE418A /* ProductListView.swift */; };
		4B0BAA8229F75BC2005F943B /* APIPostData.swift in Sources */ = {isa = PBXBuildFile; fileRef = 4B0BAA8129F75BC2005F943B /* APIPostData.swift */; };
		4B21028329BA136400E18DF1 /* SignIn.swift in Sources */ = {isa = PBXBuildFile; fileRef = 4B21028229BA136400E18DF1 /* SignIn.swift */; };
		4B211EC329C21F8600B59F7D /* SignUp.swift in Sources */ = {isa = PBXBuildFile; fileRef = 4B211EC229C21F8600B59F7D /* SignUp.swift */; };
		4B211EC529C2263300B59F7D /* FormTextField.swift in Sources */ = {isa = PBXBuildFile; fileRef = 4B211EC429C2263300B59F7D /* FormTextField.swift */; };
		4B211EC729C2287200B59F7D /* CustomMediGearButtonStyle.swift in Sources */ = {isa = PBXBuildFile; fileRef = 4B211EC629C2287200B59F7D /* CustomMediGearButtonStyle.swift */; };
		4B211ECA29C2656C00B59F7D /* RegisterUserViewModel.swift in Sources */ = {isa = PBXBuildFile; fileRef = 4B211EC929C2656C00B59F7D /* RegisterUserViewModel.swift */; };
		4B23F40129CD04F50088DCE6 /* ErrorResponse.swift in Sources */ = {isa = PBXBuildFile; fileRef = 4B23F40029CD04F50088DCE6 /* ErrorResponse.swift */; };
		4B2C758729F2F5740045680D /* CartViewIconsController.swift in Sources */ = {isa = PBXBuildFile; fileRef = 4B2C758629F2F5740045680D /* CartViewIconsController.swift */; };
		4B2C758A29F2FBB80045680D /* PurchaseViewController.swift in Sources */ = {isa = PBXBuildFile; fileRef = 4B2C758929F2FBB80045680D /* PurchaseViewController.swift */; };
		4B2C759029F2FF6D0045680D /* CartView.swift in Sources */ = {isa = PBXBuildFile; fileRef = 4B2C758F29F2FF6D0045680D /* CartView.swift */; };
		4B34891029E46DEF00188216 /* SearchResultView.swift in Sources */ = {isa = PBXBuildFile; fileRef = 4B34890F29E46DEF00188216 /* SearchResultView.swift */; };
		4B34891329E46EC200188216 /* Product.swift in Sources */ = {isa = PBXBuildFile; fileRef = 4B34891229E46EC200188216 /* Product.swift */; };
		4B34891729E4706100188216 /* ProductService.swift in Sources */ = {isa = PBXBuildFile; fileRef = 4B34891629E4706100188216 /* ProductService.swift */; };
		4B34891A29E4727D00188216 /* SearchBarViewModel.swift in Sources */ = {isa = PBXBuildFile; fileRef = 4B34891929E4727D00188216 /* SearchBarViewModel.swift */; };
		4B3738B62A0D9A5000BBCC39 /* Order.swift in Sources */ = {isa = PBXBuildFile; fileRef = 4B3738B52A0D9A5000BBCC39 /* Order.swift */; };
		4B3738B92A0D9AA700BBCC39 /* OrderService.swift in Sources */ = {isa = PBXBuildFile; fileRef = 4B3738B82A0D9AA700BBCC39 /* OrderService.swift */; };
		4B3738BB2A0D9E6B00BBCC39 /* OrdersViewModel.swift in Sources */ = {isa = PBXBuildFile; fileRef = 4B3738BA2A0D9E6B00BBCC39 /* OrdersViewModel.swift */; };
		4B3738BE2A0DA21500BBCC39 /* OrdersView.swift in Sources */ = {isa = PBXBuildFile; fileRef = 4B3738BD2A0DA21500BBCC39 /* OrdersView.swift */; };
		4B3738C02A0DBD9500BBCC39 /* OrderDetailsViewController.swift in Sources */ = {isa = PBXBuildFile; fileRef = 4B3738BF2A0DBD9500BBCC39 /* OrderDetailsViewController.swift */; };
		4B3738C22A0DBF0200BBCC39 /* OrderDetailView.swift in Sources */ = {isa = PBXBuildFile; fileRef = 4B3738C12A0DBF0200BBCC39 /* OrderDetailView.swift */; };
		4B3D34A729F05CAD00D54DA5 /* OrderResponse.swift in Sources */ = {isa = PBXBuildFile; fileRef = 4B3D34A629F05CAD00D54DA5 /* OrderResponse.swift */; };
		4B3D34A929F0861500D54DA5 /* CartViewModel.swift in Sources */ = {isa = PBXBuildFile; fileRef = 4B3D34A829F0861500D54DA5 /* CartViewModel.swift */; };
		4B4224AD29D25056009A2CF4 /* OrdersViewController.swift in Sources */ = {isa = PBXBuildFile; fileRef = 4B4224AC29D25056009A2CF4 /* OrdersViewController.swift */; };
		4B4224B129D25162009A2CF4 /* ProfileViewController.swift in Sources */ = {isa = PBXBuildFile; fileRef = 4B4224B029D25162009A2CF4 /* ProfileViewController.swift */; };
		4B4E5DF729EDAAC000DF76ED /* CartService.swift in Sources */ = {isa = PBXBuildFile; fileRef = 4B4E5DF629EDAAC000DF76ED /* CartService.swift */; };
		4B4E5DF929EE06B600DF76ED /* ShortCodeGenerator.swift in Sources */ = {isa = PBXBuildFile; fileRef = 4B4E5DF829EE06B600DF76ED /* ShortCodeGenerator.swift */; };
		4B6E5EA529BF8EAD00A3B26F /* SignUpViewController.swift in Sources */ = {isa = PBXBuildFile; fileRef = 4B6E5EA429BF8EAD00A3B26F /* SignUpViewController.swift */; };
		4B6E5EAB29BFD5FE00A3B26F /* Nuke in Frameworks */ = {isa = PBXBuildFile; productRef = 4B6E5EAA29BFD5FE00A3B26F /* Nuke */; };
		4B79ED1829D4951000FF97C9 /* ColorExtension.swift in Sources */ = {isa = PBXBuildFile; fileRef = 4B79ED1729D4951000FF97C9 /* ColorExtension.swift */; };
		4B79ED1A29D4A69800FF97C9 /* MedicalMinistration.swift in Sources */ = {isa = PBXBuildFile; fileRef = 4B79ED1929D4A69800FF97C9 /* MedicalMinistration.swift */; };
		4B80004A29E5B66E0055821D /* SearchResultViewController.swift in Sources */ = {isa = PBXBuildFile; fileRef = 4B80004929E5B66E0055821D /* SearchResultViewController.swift */; };
		4B8120E929D20B460087E78F /* MediGearTabBarController.swift in Sources */ = {isa = PBXBuildFile; fileRef = 4B8120E829D20B460087E78F /* MediGearTabBarController.swift */; };
		4B8120F029D2386A0087E78F /* HomeViewController.swift in Sources */ = {isa = PBXBuildFile; fileRef = 4B8120EF29D2386A0087E78F /* HomeViewController.swift */; };
		4B83547129BFDA5F006FC02A /* NukeUI in Frameworks */ = {isa = PBXBuildFile; productRef = 4B83547029BFDA5F006FC02A /* NukeUI */; };
		4B83547429BFED75006FC02A /* TogglableSecureField in Frameworks */ = {isa = PBXBuildFile; productRef = 4B83547329BFED75006FC02A /* TogglableSecureField */; };
		4B8F543929C36B81003CB934 /* UserLogin.swift in Sources */ = {isa = PBXBuildFile; fileRef = 4B8F543829C36B81003CB934 /* UserLogin.swift */; };
		4B8F543B29C36C22003CB934 /* SignInService.swift in Sources */ = {isa = PBXBuildFile; fileRef = 4B8F543A29C36C22003CB934 /* SignInService.swift */; };
		4B8F543F29C3B294003CB934 /* LogInViewModel.swift in Sources */ = {isa = PBXBuildFile; fileRef = 4B8F543E29C3B294003CB934 /* LogInViewModel.swift */; };
		4BA2D1FF29EAD7A3008032A6 /* Cart.swift in Sources */ = {isa = PBXBuildFile; fileRef = 4BA2D1FE29EAD7A3008032A6 /* Cart.swift */; };
		4BC6349C29B9321E0046C2E0 /* AppDelegate.swift in Sources */ = {isa = PBXBuildFile; fileRef = 4BC6349B29B9321E0046C2E0 /* AppDelegate.swift */; };
		4BC6349E29B9321E0046C2E0 /* SceneDelegate.swift in Sources */ = {isa = PBXBuildFile; fileRef = 4BC6349D29B9321E0046C2E0 /* SceneDelegate.swift */; };
		4BC634A029B9321E0046C2E0 /* SignInViewController.swift in Sources */ = {isa = PBXBuildFile; fileRef = 4BC6349F29B9321E0046C2E0 /* SignInViewController.swift */; };
		4BC634A529B932200046C2E0 /* Assets.xcassets in Resources */ = {isa = PBXBuildFile; fileRef = 4BC634A429B932200046C2E0 /* Assets.xcassets */; };
		4BC634A829B932200046C2E0 /* LaunchScreen.storyboard in Resources */ = {isa = PBXBuildFile; fileRef = 4BC634A629B932200046C2E0 /* LaunchScreen.storyboard */; };
		4BC634B929B937350046C2E0 /* UserRegister.swift in Sources */ = {isa = PBXBuildFile; fileRef = 4BC634B829B937350046C2E0 /* UserRegister.swift */; };
		4BC634C429B957CB0046C2E0 /* NetworkProvider.swift in Sources */ = {isa = PBXBuildFile; fileRef = 4BC634C329B957CB0046C2E0 /* NetworkProvider.swift */; };
		4BC634C629B96D4B0046C2E0 /* SignUpService.swift in Sources */ = {isa = PBXBuildFile; fileRef = 4BC634C529B96D4B0046C2E0 /* SignUpService.swift */; };
		4BC634C829B96E830046C2E0 /* Session.swift in Sources */ = {isa = PBXBuildFile; fileRef = 4BC634C729B96E830046C2E0 /* Session.swift */; };
		4BC634CA29B96EAA0046C2E0 /* User.swift in Sources */ = {isa = PBXBuildFile; fileRef = 4BC634C929B96EAA0046C2E0 /* User.swift */; };
		4BCB50B92A0EF6E500C1EDAB /* PDFOrderViewController.swift in Sources */ = {isa = PBXBuildFile; fileRef = 4BCB50B82A0EF6E500C1EDAB /* PDFOrderViewController.swift */; };
		4BDBCFA229CA6B8100293D8B /* Navajo-Swift in Frameworks */ = {isa = PBXBuildFile; productRef = 4BDBCFA129CA6B8100293D8B /* Navajo-Swift */; };
		4BDBCFA429CA82F200293D8B /* SecureCustomTexField.swift in Sources */ = {isa = PBXBuildFile; fileRef = 4BDBCFA329CA82F200293D8B /* SecureCustomTexField.swift */; };
		4BE18AFC29D7894400D5B24C /* MedicalSubcategory.swift in Sources */ = {isa = PBXBuildFile; fileRef = 4BE18AFB29D7894400D5B24C /* MedicalSubcategory.swift */; };
		4BE2642029CBA13F004D7290 /* EmailValidExtension.swift in Sources */ = {isa = PBXBuildFile; fileRef = 4BE2641F29CBA13F004D7290 /* EmailValidExtension.swift */; };
		4BF03ECE29E74F87005C9B91 /* SingleProductView.swift in Sources */ = {isa = PBXBuildFile; fileRef = 4BF03ECD29E74F87005C9B91 /* SingleProductView.swift */; };
		4BF03ED029E769CA005C9B91 /* SingleProductViewController.swift in Sources */ = {isa = PBXBuildFile; fileRef = 4BF03ECF29E769CA005C9B91 /* SingleProductViewController.swift */; };
		4BF03ED329E769F6005C9B91 /* SingleProductViewModel.swift in Sources */ = {isa = PBXBuildFile; fileRef = 4BF03ED229E769F6005C9B91 /* SingleProductViewModel.swift */; };
		4BF5946529D39AD40095BDE4 /* MedicalMinistrationService.swift in Sources */ = {isa = PBXBuildFile; fileRef = 4BF5946429D39AD40095BDE4 /* MedicalMinistrationService.swift */; };
		4BF5946729D39E200095BDE4 /* PublisherExtension.swift in Sources */ = {isa = PBXBuildFile; fileRef = 4BF5946629D39E200095BDE4 /* PublisherExtension.swift */; };
		4BF5946929D39E840095BDE4 /* MedicalMinistrationViewModel.swift in Sources */ = {isa = PBXBuildFile; fileRef = 4BF5946829D39E840095BDE4 /* MedicalMinistrationViewModel.swift */; };
		4BF5946C29D3A1A60095BDE4 /* DashboardContentView.swift in Sources */ = {isa = PBXBuildFile; fileRef = 4BF5946B29D3A1A60095BDE4 /* DashboardContentView.swift */; };
		4BF5946E29D3A87D0095BDE4 /* APIResponse.swift in Sources */ = {isa = PBXBuildFile; fileRef = 4BF5946D29D3A87D0095BDE4 /* APIResponse.swift */; };
/* End PBXBuildFile section */

/* Begin PBXFileReference section */
		4B01018C29E7064200CE418A /* ProductListViewController.swift */ = {isa = PBXFileReference; lastKnownFileType = sourcecode.swift; path = ProductListViewController.swift; sourceTree = "<group>"; };
		4B01018E29E7065500CE418A /* ProductListView.swift */ = {isa = PBXFileReference; lastKnownFileType = sourcecode.swift; path = ProductListView.swift; sourceTree = "<group>"; };
		4B0BAA8129F75BC2005F943B /* APIPostData.swift */ = {isa = PBXFileReference; lastKnownFileType = sourcecode.swift; path = APIPostData.swift; sourceTree = "<group>"; };
		4B21028229BA136400E18DF1 /* SignIn.swift */ = {isa = PBXFileReference; lastKnownFileType = sourcecode.swift; path = SignIn.swift; sourceTree = "<group>"; };
		4B211EC229C21F8600B59F7D /* SignUp.swift */ = {isa = PBXFileReference; lastKnownFileType = sourcecode.swift; path = SignUp.swift; sourceTree = "<group>"; };
		4B211EC429C2263300B59F7D /* FormTextField.swift */ = {isa = PBXFileReference; lastKnownFileType = sourcecode.swift; path = FormTextField.swift; sourceTree = "<group>"; };
		4B211EC629C2287200B59F7D /* CustomMediGearButtonStyle.swift */ = {isa = PBXFileReference; lastKnownFileType = sourcecode.swift; path = CustomMediGearButtonStyle.swift; sourceTree = "<group>"; };
		4B211EC929C2656C00B59F7D /* RegisterUserViewModel.swift */ = {isa = PBXFileReference; lastKnownFileType = sourcecode.swift; path = RegisterUserViewModel.swift; sourceTree = "<group>"; };
		4B23F40029CD04F50088DCE6 /* ErrorResponse.swift */ = {isa = PBXFileReference; lastKnownFileType = sourcecode.swift; path = ErrorResponse.swift; sourceTree = "<group>"; };
		4B2C758629F2F5740045680D /* CartViewIconsController.swift */ = {isa = PBXFileReference; lastKnownFileType = sourcecode.swift; path = CartViewIconsController.swift; sourceTree = "<group>"; };
		4B2C758929F2FBB80045680D /* PurchaseViewController.swift */ = {isa = PBXFileReference; lastKnownFileType = sourcecode.swift; path = PurchaseViewController.swift; sourceTree = "<group>"; };
		4B2C758F29F2FF6D0045680D /* CartView.swift */ = {isa = PBXFileReference; lastKnownFileType = sourcecode.swift; path = CartView.swift; sourceTree = "<group>"; };
		4B34890F29E46DEF00188216 /* SearchResultView.swift */ = {isa = PBXFileReference; lastKnownFileType = sourcecode.swift; path = SearchResultView.swift; sourceTree = "<group>"; };
		4B34891229E46EC200188216 /* Product.swift */ = {isa = PBXFileReference; lastKnownFileType = sourcecode.swift; path = Product.swift; sourceTree = "<group>"; };
		4B34891629E4706100188216 /* ProductService.swift */ = {isa = PBXFileReference; lastKnownFileType = sourcecode.swift; path = ProductService.swift; sourceTree = "<group>"; };
		4B34891929E4727D00188216 /* SearchBarViewModel.swift */ = {isa = PBXFileReference; lastKnownFileType = sourcecode.swift; path = SearchBarViewModel.swift; sourceTree = "<group>"; };
		4B3738B52A0D9A5000BBCC39 /* Order.swift */ = {isa = PBXFileReference; lastKnownFileType = sourcecode.swift; path = Order.swift; sourceTree = "<group>"; };
		4B3738B82A0D9AA700BBCC39 /* OrderService.swift */ = {isa = PBXFileReference; lastKnownFileType = sourcecode.swift; path = OrderService.swift; sourceTree = "<group>"; };
		4B3738BA2A0D9E6B00BBCC39 /* OrdersViewModel.swift */ = {isa = PBXFileReference; lastKnownFileType = sourcecode.swift; path = OrdersViewModel.swift; sourceTree = "<group>"; };
		4B3738BD2A0DA21500BBCC39 /* OrdersView.swift */ = {isa = PBXFileReference; lastKnownFileType = sourcecode.swift; path = OrdersView.swift; sourceTree = "<group>"; };
		4B3738BF2A0DBD9500BBCC39 /* OrderDetailsViewController.swift */ = {isa = PBXFileReference; lastKnownFileType = sourcecode.swift; path = OrderDetailsViewController.swift; sourceTree = "<group>"; };
		4B3738C12A0DBF0200BBCC39 /* OrderDetailView.swift */ = {isa = PBXFileReference; lastKnownFileType = sourcecode.swift; path = OrderDetailView.swift; sourceTree = "<group>"; };
		4B3D34A629F05CAD00D54DA5 /* OrderResponse.swift */ = {isa = PBXFileReference; lastKnownFileType = sourcecode.swift; path = OrderResponse.swift; sourceTree = "<group>"; };
		4B3D34A829F0861500D54DA5 /* CartViewModel.swift */ = {isa = PBXFileReference; lastKnownFileType = sourcecode.swift; path = CartViewModel.swift; sourceTree = "<group>"; };
		4B4224AC29D25056009A2CF4 /* OrdersViewController.swift */ = {isa = PBXFileReference; lastKnownFileType = sourcecode.swift; path = OrdersViewController.swift; sourceTree = "<group>"; };
		4B4224B029D25162009A2CF4 /* ProfileViewController.swift */ = {isa = PBXFileReference; lastKnownFileType = sourcecode.swift; path = ProfileViewController.swift; sourceTree = "<group>"; };
		4B4E5DF629EDAAC000DF76ED /* CartService.swift */ = {isa = PBXFileReference; lastKnownFileType = sourcecode.swift; path = CartService.swift; sourceTree = "<group>"; };
		4B4E5DF829EE06B600DF76ED /* ShortCodeGenerator.swift */ = {isa = PBXFileReference; lastKnownFileType = sourcecode.swift; path = ShortCodeGenerator.swift; sourceTree = "<group>"; };
		4B6E5EA429BF8EAD00A3B26F /* SignUpViewController.swift */ = {isa = PBXFileReference; lastKnownFileType = sourcecode.swift; path = SignUpViewController.swift; sourceTree = "<group>"; };
		4B79ED1729D4951000FF97C9 /* ColorExtension.swift */ = {isa = PBXFileReference; lastKnownFileType = sourcecode.swift; path = ColorExtension.swift; sourceTree = "<group>"; };
		4B79ED1929D4A69800FF97C9 /* MedicalMinistration.swift */ = {isa = PBXFileReference; lastKnownFileType = sourcecode.swift; path = MedicalMinistration.swift; sourceTree = "<group>"; };
		4B80004929E5B66E0055821D /* SearchResultViewController.swift */ = {isa = PBXFileReference; lastKnownFileType = sourcecode.swift; path = SearchResultViewController.swift; sourceTree = "<group>"; };
		4B8120E829D20B460087E78F /* MediGearTabBarController.swift */ = {isa = PBXFileReference; lastKnownFileType = sourcecode.swift; path = MediGearTabBarController.swift; sourceTree = "<group>"; };
		4B8120EF29D2386A0087E78F /* HomeViewController.swift */ = {isa = PBXFileReference; lastKnownFileType = sourcecode.swift; path = HomeViewController.swift; sourceTree = "<group>"; };
		4B8F543829C36B81003CB934 /* UserLogin.swift */ = {isa = PBXFileReference; lastKnownFileType = sourcecode.swift; path = UserLogin.swift; sourceTree = "<group>"; };
		4B8F543A29C36C22003CB934 /* SignInService.swift */ = {isa = PBXFileReference; lastKnownFileType = sourcecode.swift; path = SignInService.swift; sourceTree = "<group>"; };
		4B8F543E29C3B294003CB934 /* LogInViewModel.swift */ = {isa = PBXFileReference; lastKnownFileType = sourcecode.swift; path = LogInViewModel.swift; sourceTree = "<group>"; };
		4BA2D1FE29EAD7A3008032A6 /* Cart.swift */ = {isa = PBXFileReference; lastKnownFileType = sourcecode.swift; path = Cart.swift; sourceTree = "<group>"; };
		4BC6349829B9321E0046C2E0 /* medigear-iOSApp.app */ = {isa = PBXFileReference; explicitFileType = wrapper.application; includeInIndex = 0; path = "medigear-iOSApp.app"; sourceTree = BUILT_PRODUCTS_DIR; };
		4BC6349B29B9321E0046C2E0 /* AppDelegate.swift */ = {isa = PBXFileReference; lastKnownFileType = sourcecode.swift; path = AppDelegate.swift; sourceTree = "<group>"; };
		4BC6349D29B9321E0046C2E0 /* SceneDelegate.swift */ = {isa = PBXFileReference; lastKnownFileType = sourcecode.swift; path = SceneDelegate.swift; sourceTree = "<group>"; };
		4BC6349F29B9321E0046C2E0 /* SignInViewController.swift */ = {isa = PBXFileReference; lastKnownFileType = sourcecode.swift; path = SignInViewController.swift; sourceTree = "<group>"; };
		4BC634A429B932200046C2E0 /* Assets.xcassets */ = {isa = PBXFileReference; lastKnownFileType = folder.assetcatalog; path = Assets.xcassets; sourceTree = "<group>"; };
		4BC634A729B932200046C2E0 /* Base */ = {isa = PBXFileReference; lastKnownFileType = file.storyboard; name = Base; path = Base.lproj/LaunchScreen.storyboard; sourceTree = "<group>"; };
		4BC634A929B932200046C2E0 /* Info.plist */ = {isa = PBXFileReference; lastKnownFileType = text.plist.xml; path = Info.plist; sourceTree = "<group>"; };
		4BC634B829B937350046C2E0 /* UserRegister.swift */ = {isa = PBXFileReference; lastKnownFileType = sourcecode.swift; path = UserRegister.swift; sourceTree = "<group>"; };
		4BC634C329B957CB0046C2E0 /* NetworkProvider.swift */ = {isa = PBXFileReference; lastKnownFileType = sourcecode.swift; path = NetworkProvider.swift; sourceTree = "<group>"; };
		4BC634C529B96D4B0046C2E0 /* SignUpService.swift */ = {isa = PBXFileReference; lastKnownFileType = sourcecode.swift; path = SignUpService.swift; sourceTree = "<group>"; };
		4BC634C729B96E830046C2E0 /* Session.swift */ = {isa = PBXFileReference; lastKnownFileType = sourcecode.swift; path = Session.swift; sourceTree = "<group>"; };
		4BC634C929B96EAA0046C2E0 /* User.swift */ = {isa = PBXFileReference; lastKnownFileType = sourcecode.swift; path = User.swift; sourceTree = "<group>"; };
		4BCB50B82A0EF6E500C1EDAB /* PDFOrderViewController.swift */ = {isa = PBXFileReference; lastKnownFileType = sourcecode.swift; path = PDFOrderViewController.swift; sourceTree = "<group>"; };
		4BDBCFA329CA82F200293D8B /* SecureCustomTexField.swift */ = {isa = PBXFileReference; lastKnownFileType = sourcecode.swift; path = SecureCustomTexField.swift; sourceTree = "<group>"; };
		4BE18AFB29D7894400D5B24C /* MedicalSubcategory.swift */ = {isa = PBXFileReference; lastKnownFileType = sourcecode.swift; path = MedicalSubcategory.swift; sourceTree = "<group>"; };
		4BE2641F29CBA13F004D7290 /* EmailValidExtension.swift */ = {isa = PBXFileReference; lastKnownFileType = sourcecode.swift; path = EmailValidExtension.swift; sourceTree = "<group>"; };
		4BF03ECD29E74F87005C9B91 /* SingleProductView.swift */ = {isa = PBXFileReference; lastKnownFileType = sourcecode.swift; path = SingleProductView.swift; sourceTree = "<group>"; };
		4BF03ECF29E769CA005C9B91 /* SingleProductViewController.swift */ = {isa = PBXFileReference; lastKnownFileType = sourcecode.swift; path = SingleProductViewController.swift; sourceTree = "<group>"; };
		4BF03ED229E769F6005C9B91 /* SingleProductViewModel.swift */ = {isa = PBXFileReference; lastKnownFileType = sourcecode.swift; path = SingleProductViewModel.swift; sourceTree = "<group>"; };
		4BF5946429D39AD40095BDE4 /* MedicalMinistrationService.swift */ = {isa = PBXFileReference; lastKnownFileType = sourcecode.swift; path = MedicalMinistrationService.swift; sourceTree = "<group>"; };
		4BF5946629D39E200095BDE4 /* PublisherExtension.swift */ = {isa = PBXFileReference; lastKnownFileType = sourcecode.swift; path = PublisherExtension.swift; sourceTree = "<group>"; };
		4BF5946829D39E840095BDE4 /* MedicalMinistrationViewModel.swift */ = {isa = PBXFileReference; lastKnownFileType = sourcecode.swift; path = MedicalMinistrationViewModel.swift; sourceTree = "<group>"; };
		4BF5946B29D3A1A60095BDE4 /* DashboardContentView.swift */ = {isa = PBXFileReference; lastKnownFileType = sourcecode.swift; path = DashboardContentView.swift; sourceTree = "<group>"; };
		4BF5946D29D3A87D0095BDE4 /* APIResponse.swift */ = {isa = PBXFileReference; lastKnownFileType = sourcecode.swift; path = APIResponse.swift; sourceTree = "<group>"; };
/* End PBXFileReference section */

/* Begin PBXFrameworksBuildPhase section */
		4BC6349529B9321E0046C2E0 /* Frameworks */ = {
			isa = PBXFrameworksBuildPhase;
			buildActionMask = 2147483647;
			files = (
				4B83547429BFED75006FC02A /* TogglableSecureField in Frameworks */,
				4BDBCFA229CA6B8100293D8B /* Navajo-Swift in Frameworks */,
				4B6E5EAB29BFD5FE00A3B26F /* Nuke in Frameworks */,
				4B83547129BFDA5F006FC02A /* NukeUI in Frameworks */,
			);
			runOnlyForDeploymentPostprocessing = 0;
		};
/* End PBXFrameworksBuildPhase section */

/* Begin PBXGroup section */
		4B01018929E705CF00CE418A /* Product */ = {
			isa = PBXGroup;
			children = (
				4BF03ED129E769E9005C9B91 /* ViewModel */,
				4B01018B29E7062F00CE418A /* View */,
				4B01018A29E7062600CE418A /* ViewController */,
				4B34891129E46E8F00188216 /* Model */,
			);
			path = Product;
			sourceTree = "<group>";
		};
		4B01018A29E7062600CE418A /* ViewController */ = {
			isa = PBXGroup;
			children = (
				4B01018C29E7064200CE418A /* ProductListViewController.swift */,
				4BF03ECF29E769CA005C9B91 /* SingleProductViewController.swift */,
			);
			path = ViewController;
			sourceTree = "<group>";
		};
		4B01018B29E7062F00CE418A /* View */ = {
			isa = PBXGroup;
			children = (
				4B01018E29E7065500CE418A /* ProductListView.swift */,
				4BF03ECD29E74F87005C9B91 /* SingleProductView.swift */,
			);
			path = View;
			sourceTree = "<group>";
		};
		4B211EC829C2630C00B59F7D /* ViewModel */ = {
			isa = PBXGroup;
			children = (
				4B211EC929C2656C00B59F7D /* RegisterUserViewModel.swift */,
			);
			path = ViewModel;
			sourceTree = "<group>";
		};
		4B211ECB29C2909000B59F7D /* CustomStyles */ = {
			isa = PBXGroup;
			children = (
				4B211EC629C2287200B59F7D /* CustomMediGearButtonStyle.swift */,
			);
			path = CustomStyles;
			sourceTree = "<group>";
		};
		4B211ECC29C290EE00B59F7D /* Components */ = {
			isa = PBXGroup;
			children = (
				4B211EC429C2263300B59F7D /* FormTextField.swift */,
				4BDBCFA329CA82F200293D8B /* SecureCustomTexField.swift */,
			);
			path = Components;
			sourceTree = "<group>";
		};
		4B211ECD29C2910600B59F7D /* LogIn */ = {
			isa = PBXGroup;
			children = (
				4B8F543329C3657A003CB934 /* Model */,
				4B8F543529C3671E003CB934 /* ViewModel */,
				4B8F543729C3675C003CB934 /* ViewController */,
				4B8F543429C36715003CB934 /* View */,
			);
			path = LogIn;
			sourceTree = "<group>";
		};
		4B2C758829F2F5DA0045680D /* ViewController */ = {
			isa = PBXGroup;
			children = (
				4B2C758629F2F5740045680D /* CartViewIconsController.swift */,
				4B2C758929F2FBB80045680D /* PurchaseViewController.swift */,
			);
			path = ViewController;
			sourceTree = "<group>";
		};
		4B34890029E468FA00188216 /* SearchBar */ = {
			isa = PBXGroup;
			children = (
				4B34891529E4701B00188216 /* ViewModel */,
				4B34891429E46FEF00188216 /* ViewController */,
				4B34890C29E46DB600188216 /* view */,
			);
			path = SearchBar;
			sourceTree = "<group>";
		};
		4B34890C29E46DB600188216 /* view */ = {
			isa = PBXGroup;
			children = (
				4B34890F29E46DEF00188216 /* SearchResultView.swift */,
			);
			path = view;
			sourceTree = "<group>";
		};
		4B34891129E46E8F00188216 /* Model */ = {
			isa = PBXGroup;
			children = (
				4B34891229E46EC200188216 /* Product.swift */,
			);
			path = Model;
			sourceTree = "<group>";
		};
		4B34891429E46FEF00188216 /* ViewController */ = {
			isa = PBXGroup;
			children = (
				4B80004929E5B66E0055821D /* SearchResultViewController.swift */,
			);
			path = ViewController;
			sourceTree = "<group>";
		};
		4B34891529E4701B00188216 /* ViewModel */ = {
			isa = PBXGroup;
			children = (
				4B34891929E4727D00188216 /* SearchBarViewModel.swift */,
			);
			path = ViewModel;
			sourceTree = "<group>";
		};
		4B3738B72A0D9A8700BBCC39 /* ViewModel */ = {
			isa = PBXGroup;
			children = (
				4B3738BA2A0D9E6B00BBCC39 /* OrdersViewModel.swift */,
			);
			path = ViewModel;
			sourceTree = "<group>";
		};
		4B3738BC2A0DA1FA00BBCC39 /* View */ = {
			isa = PBXGroup;
			children = (
				4B3738BD2A0DA21500BBCC39 /* OrdersView.swift */,
				4B3738C12A0DBF0200BBCC39 /* OrderDetailView.swift */,
			);
			path = View;
			sourceTree = "<group>";
		};
		4B3D34A529F05B7100D54DA5 /* Model */ = {
			isa = PBXGroup;
			children = (
				4B3D34A629F05CAD00D54DA5 /* OrderResponse.swift */,
				4B3738B52A0D9A5000BBCC39 /* Order.swift */,
			);
			path = Model;
			sourceTree = "<group>";
		};
		4B4224AA29D2502A009A2CF4 /* Orders */ = {
			isa = PBXGroup;
			children = (
				4B3D34A529F05B7100D54DA5 /* Model */,
				4B3738B72A0D9A8700BBCC39 /* ViewModel */,
				4B4224AB29D25040009A2CF4 /* ViewController */,
			);
			path = Orders;
			sourceTree = "<group>";
		};
		4B4224AB29D25040009A2CF4 /* ViewController */ = {
			isa = PBXGroup;
			children = (
				4B4224AC29D25056009A2CF4 /* OrdersViewController.swift */,
				4B3738BF2A0DBD9500BBCC39 /* OrderDetailsViewController.swift */,
				4BCB50B82A0EF6E500C1EDAB /* PDFOrderViewController.swift */,
			);
			path = ViewController;
			sourceTree = "<group>";
		};
		4B4224AE29D25130009A2CF4 /* Profile */ = {
			isa = PBXGroup;
			children = (
				4B4224AF29D25153009A2CF4 /* ViewController */,
			);
			path = Profile;
			sourceTree = "<group>";
		};
		4B4224AF29D25153009A2CF4 /* ViewController */ = {
			isa = PBXGroup;
			children = (
				4B4224B029D25162009A2CF4 /* ProfileViewController.swift */,
			);
			path = ViewController;
			sourceTree = "<group>";
		};
		4B6E5EA929BFD57B00A3B26F /* Frameworks */ = {
			isa = PBXGroup;
			children = (
			);
			name = Frameworks;
			sourceTree = "<group>";
		};
		4B8120E029D1F5810087E78F /* MediGearTabBar */ = {
			isa = PBXGroup;
			children = (
				4B8120E829D20B460087E78F /* MediGearTabBarController.swift */,
				4B8120EA29D20B5B0087E78F /* Home */,
				4B4224AA29D2502A009A2CF4 /* Orders */,
				4B3738BC2A0DA1FA00BBCC39 /* View */,
				4B4224AE29D25130009A2CF4 /* Profile */,
			);
			path = MediGearTabBar;
			sourceTree = "<group>";
		};
		4B8120EA29D20B5B0087E78F /* Home */ = {
			isa = PBXGroup;
			children = (
				4B8120EF29D2386A0087E78F /* HomeViewController.swift */,
				4B34890029E468FA00188216 /* SearchBar */,
				4BA2D1F929EAD707008032A6 /* Cart */,
				4BF5945F29D399600095BDE4 /* Dashboard */,
			);
			path = Home;
			sourceTree = "<group>";
		};
		4B8F543329C3657A003CB934 /* Model */ = {
			isa = PBXGroup;
			children = (
				4B8F543829C36B81003CB934 /* UserLogin.swift */,
			);
			path = Model;
			sourceTree = "<group>";
		};
		4B8F543429C36715003CB934 /* View */ = {
			isa = PBXGroup;
			children = (
				4B21028229BA136400E18DF1 /* SignIn.swift */,
			);
			path = View;
			sourceTree = "<group>";
		};
		4B8F543529C3671E003CB934 /* ViewModel */ = {
			isa = PBXGroup;
			children = (
				4B8F543E29C3B294003CB934 /* LogInViewModel.swift */,
			);
			path = ViewModel;
			sourceTree = "<group>";
		};
		4B8F543729C3675C003CB934 /* ViewController */ = {
			isa = PBXGroup;
			children = (
				4BC6349F29B9321E0046C2E0 /* SignInViewController.swift */,
			);
			path = ViewController;
			sourceTree = "<group>";
		};
		4B8F543C29C3B1A7003CB934 /* SignIn_SignUp */ = {
			isa = PBXGroup;
			children = (
				4B8F543D29C3B1D9003CB934 /* AuthAPIResponse */,
				4BC634B729B935FF0046C2E0 /* Register */,
				4B211ECD29C2910600B59F7D /* LogIn */,
			);
			path = SignIn_SignUp;
			sourceTree = "<group>";
		};
		4B8F543D29C3B1D9003CB934 /* AuthAPIResponse */ = {
			isa = PBXGroup;
			children = (
				4BC634C729B96E830046C2E0 /* Session.swift */,
				4BC634C929B96EAA0046C2E0 /* User.swift */,
				4B23F40029CD04F50088DCE6 /* ErrorResponse.swift */,
			);
			path = AuthAPIResponse;
			sourceTree = "<group>";
		};
		4BA2D1F929EAD707008032A6 /* Cart */ = {
			isa = PBXGroup;
			children = (
				4B2C758829F2F5DA0045680D /* ViewController */,
				4BA2D1FD29EAD792008032A6 /* Model */,
				4BA2D1FB29EAD77E008032A6 /* ViewModel */,
				4BA2D1FA29EAD777008032A6 /* View */,
			);
			path = Cart;
			sourceTree = "<group>";
		};
		4BA2D1FA29EAD777008032A6 /* View */ = {
			isa = PBXGroup;
			children = (
				4B2C758F29F2FF6D0045680D /* CartView.swift */,
			);
			path = View;
			sourceTree = "<group>";
		};
		4BA2D1FB29EAD77E008032A6 /* ViewModel */ = {
			isa = PBXGroup;
			children = (
				4B3D34A829F0861500D54DA5 /* CartViewModel.swift */,
			);
			path = ViewModel;
			sourceTree = "<group>";
		};
		4BA2D1FD29EAD792008032A6 /* Model */ = {
			isa = PBXGroup;
			children = (
				4BA2D1FE29EAD7A3008032A6 /* Cart.swift */,
			);
			path = Model;
			sourceTree = "<group>";
		};
		4BC6348F29B9321E0046C2E0 = {
			isa = PBXGroup;
			children = (
				4BC6349A29B9321E0046C2E0 /* medigear-iOSApp */,
				4BC6349929B9321E0046C2E0 /* Products */,
				4B6E5EA929BFD57B00A3B26F /* Frameworks */,
			);
			sourceTree = "<group>";
		};
		4BC6349929B9321E0046C2E0 /* Products */ = {
			isa = PBXGroup;
			children = (
				4BC6349829B9321E0046C2E0 /* medigear-iOSApp.app */,
			);
			name = Products;
			sourceTree = "<group>";
		};
		4BC6349A29B9321E0046C2E0 /* medigear-iOSApp */ = {
			isa = PBXGroup;
			children = (
				4BC6349B29B9321E0046C2E0 /* AppDelegate.swift */,
				4BC6349D29B9321E0046C2E0 /* SceneDelegate.swift */,
				4BC634A629B932200046C2E0 /* LaunchScreen.storyboard */,
				4BC634A429B932200046C2E0 /* Assets.xcassets */,
				4BC634A929B932200046C2E0 /* Info.plist */,
				4B211ECC29C290EE00B59F7D /* Components */,
				4B211ECB29C2909000B59F7D /* CustomStyles */,
				4BC634B629B935F30046C2E0 /* Features */,
				4BC634B229B935000046C2E0 /* Extensions */,
				4BC634B329B9350B0046C2E0 /* Network */,
				4BC634B429B935130046C2E0 /* Services */,
				4BC634B529B935180046C2E0 /* Resources */,
			);
			path = "medigear-iOSApp";
			sourceTree = "<group>";
		};
		4BC634AF29B934EB0046C2E0 /* ViewController */ = {
			isa = PBXGroup;
			children = (
				4B6E5EA429BF8EAD00A3B26F /* SignUpViewController.swift */,
			);
			path = ViewController;
			sourceTree = "<group>";
		};
		4BC634B029B934F40046C2E0 /* Model */ = {
			isa = PBXGroup;
			children = (
				4BC634B829B937350046C2E0 /* UserRegister.swift */,
			);
			path = Model;
			sourceTree = "<group>";
		};
		4BC634B129B934FA0046C2E0 /* View */ = {
			isa = PBXGroup;
			children = (
				4B211EC229C21F8600B59F7D /* SignUp.swift */,
			);
			path = View;
			sourceTree = "<group>";
		};
		4BC634B229B935000046C2E0 /* Extensions */ = {
			isa = PBXGroup;
			children = (
				4BE2641F29CBA13F004D7290 /* EmailValidExtension.swift */,
				4BF5946629D39E200095BDE4 /* PublisherExtension.swift */,
				4B79ED1729D4951000FF97C9 /* ColorExtension.swift */,
				4B4E5DF829EE06B600DF76ED /* ShortCodeGenerator.swift */,
			);
			path = Extensions;
			sourceTree = "<group>";
		};
		4BC634B329B9350B0046C2E0 /* Network */ = {
			isa = PBXGroup;
			children = (
				4BC634C329B957CB0046C2E0 /* NetworkProvider.swift */,
			);
			path = Network;
			sourceTree = "<group>";
		};
		4BC634B429B935130046C2E0 /* Services */ = {
			isa = PBXGroup;
			children = (
				4BC634C529B96D4B0046C2E0 /* SignUpService.swift */,
				4B8F543A29C36C22003CB934 /* SignInService.swift */,
				4BF5946429D39AD40095BDE4 /* MedicalMinistrationService.swift */,
				4B34891629E4706100188216 /* ProductService.swift */,
				4B4E5DF629EDAAC000DF76ED /* CartService.swift */,
				4B3738B82A0D9AA700BBCC39 /* OrderService.swift */,
			);
			path = Services;
			sourceTree = "<group>";
		};
		4BC634B529B935180046C2E0 /* Resources */ = {
			isa = PBXGroup;
			children = (
			);
			path = Resources;
			sourceTree = "<group>";
		};
		4BC634B629B935F30046C2E0 /* Features */ = {
			isa = PBXGroup;
			children = (
				4B8120E029D1F5810087E78F /* MediGearTabBar */,
				4B8F543C29C3B1A7003CB934 /* SignIn_SignUp */,
				4BF5946D29D3A87D0095BDE4 /* APIResponse.swift */,
				4B0BAA8129F75BC2005F943B /* APIPostData.swift */,
			);
			path = Features;
			sourceTree = "<group>";
		};
		4BC634B729B935FF0046C2E0 /* Register */ = {
			isa = PBXGroup;
			children = (
				4BC634B029B934F40046C2E0 /* Model */,
				4BC634B129B934FA0046C2E0 /* View */,
				4B211EC829C2630C00B59F7D /* ViewModel */,
				4BC634AF29B934EB0046C2E0 /* ViewController */,
			);
			path = Register;
			sourceTree = "<group>";
		};
		4BF03ED129E769E9005C9B91 /* ViewModel */ = {
			isa = PBXGroup;
			children = (
				4BF03ED229E769F6005C9B91 /* SingleProductViewModel.swift */,
			);
			path = ViewModel;
			sourceTree = "<group>";
		};
		4BF5945F29D399600095BDE4 /* Dashboard */ = {
			isa = PBXGroup;
			children = (
				4B01018929E705CF00CE418A /* Product */,
				4BF5946A29D3A1690095BDE4 /* View */,
				4BF5946329D39A600095BDE4 /* ViewModel */,
				4BF5946029D3997E0095BDE4 /* Model */,
			);
			path = Dashboard;
			sourceTree = "<group>";
		};
		4BF5946029D3997E0095BDE4 /* Model */ = {
			isa = PBXGroup;
			children = (
				4B79ED1929D4A69800FF97C9 /* MedicalMinistration.swift */,
				4BE18AFB29D7894400D5B24C /* MedicalSubcategory.swift */,
			);
			path = Model;
			sourceTree = "<group>";
		};
		4BF5946329D39A600095BDE4 /* ViewModel */ = {
			isa = PBXGroup;
			children = (
				4BF5946829D39E840095BDE4 /* MedicalMinistrationViewModel.swift */,
			);
			path = ViewModel;
			sourceTree = "<group>";
		};
		4BF5946A29D3A1690095BDE4 /* View */ = {
			isa = PBXGroup;
			children = (
				4BF5946B29D3A1A60095BDE4 /* DashboardContentView.swift */,
			);
			path = View;
			sourceTree = "<group>";
		};
/* End PBXGroup section */

/* Begin PBXNativeTarget section */
		4BC6349729B9321E0046C2E0 /* medigear-iOSApp */ = {
			isa = PBXNativeTarget;
			buildConfigurationList = 4BC634AC29B932200046C2E0 /* Build configuration list for PBXNativeTarget "medigear-iOSApp" */;
			buildPhases = (
				4BC6349429B9321E0046C2E0 /* Sources */,
				4BC6349529B9321E0046C2E0 /* Frameworks */,
				4BC6349629B9321E0046C2E0 /* Resources */,
			);
			buildRules = (
			);
			dependencies = (
			);
			name = "medigear-iOSApp";
			packageProductDependencies = (
				4B6E5EAA29BFD5FE00A3B26F /* Nuke */,
				4B83547029BFDA5F006FC02A /* NukeUI */,
				4B83547329BFED75006FC02A /* TogglableSecureField */,
				4BDBCFA129CA6B8100293D8B /* Navajo-Swift */,
			);
			productName = "medigear-iOSApp";
			productReference = 4BC6349829B9321E0046C2E0 /* medigear-iOSApp.app */;
			productType = "com.apple.product-type.application";
		};
/* End PBXNativeTarget section */

/* Begin PBXProject section */
		4BC6349029B9321E0046C2E0 /* Project object */ = {
			isa = PBXProject;
			attributes = {
				BuildIndependentTargetsInParallel = 1;
				LastSwiftUpdateCheck = 1420;
				LastUpgradeCheck = 1420;
				TargetAttributes = {
					4BC6349729B9321E0046C2E0 = {
						CreatedOnToolsVersion = 14.2;
					};
				};
			};
			buildConfigurationList = 4BC6349329B9321E0046C2E0 /* Build configuration list for PBXProject "medigear-iOSApp" */;
			compatibilityVersion = "Xcode 14.0";
			developmentRegion = en;
			hasScannedForEncodings = 0;
			knownRegions = (
				en,
				Base,
			);
			mainGroup = 4BC6348F29B9321E0046C2E0;
			packageReferences = (
				4B6E5EA629BFC84900A3B26F /* XCRemoteSwiftPackageReference "Nuke" */,
				4B83547229BFED75006FC02A /* XCRemoteSwiftPackageReference "TogglableSecureField" */,
				4BDBCFA029CA6B8100293D8B /* XCRemoteSwiftPackageReference "Navajo-Swift" */,
			);
			productRefGroup = 4BC6349929B9321E0046C2E0 /* Products */;
			projectDirPath = "";
			projectRoot = "";
			targets = (
				4BC6349729B9321E0046C2E0 /* medigear-iOSApp */,
			);
		};
/* End PBXProject section */

/* Begin PBXResourcesBuildPhase section */
		4BC6349629B9321E0046C2E0 /* Resources */ = {
			isa = PBXResourcesBuildPhase;
			buildActionMask = 2147483647;
			files = (
				4BC634A829B932200046C2E0 /* LaunchScreen.storyboard in Resources */,
				4BC634A529B932200046C2E0 /* Assets.xcassets in Resources */,
			);
			runOnlyForDeploymentPostprocessing = 0;
		};
/* End PBXResourcesBuildPhase section */

/* Begin PBXSourcesBuildPhase section */
		4BC6349429B9321E0046C2E0 /* Sources */ = {
			isa = PBXSourcesBuildPhase;
			buildActionMask = 2147483647;
			files = (
				4B01018F29E7065500CE418A /* ProductListView.swift in Sources */,
				4B01018D29E7064200CE418A /* ProductListViewController.swift in Sources */,
				4B23F40129CD04F50088DCE6 /* ErrorResponse.swift in Sources */,
				4BF5946529D39AD40095BDE4 /* MedicalMinistrationService.swift in Sources */,
				4B0BAA8229F75BC2005F943B /* APIPostData.swift in Sources */,
				4BF5946929D39E840095BDE4 /* MedicalMinistrationViewModel.swift in Sources */,
				4B8F543929C36B81003CB934 /* UserLogin.swift in Sources */,
				4BF03ECE29E74F87005C9B91 /* SingleProductView.swift in Sources */,
				4B79ED1A29D4A69800FF97C9 /* MedicalMinistration.swift in Sources */,
				4B2C758729F2F5740045680D /* CartViewIconsController.swift in Sources */,
				4B3738B62A0D9A5000BBCC39 /* Order.swift in Sources */,
				4B211EC729C2287200B59F7D /* CustomMediGearButtonStyle.swift in Sources */,
				4BC634C829B96E830046C2E0 /* Session.swift in Sources */,
				4B211ECA29C2656C00B59F7D /* RegisterUserViewModel.swift in Sources */,
				4BC634A029B9321E0046C2E0 /* SignInViewController.swift in Sources */,
				4B4224B129D25162009A2CF4 /* ProfileViewController.swift in Sources */,
				4BE18AFC29D7894400D5B24C /* MedicalSubcategory.swift in Sources */,
				4BF03ED329E769F6005C9B91 /* SingleProductViewModel.swift in Sources */,
				4BC634C629B96D4B0046C2E0 /* SignUpService.swift in Sources */,
				4B3738BE2A0DA21500BBCC39 /* OrdersView.swift in Sources */,
				4B8120F029D2386A0087E78F /* HomeViewController.swift in Sources */,
				4B3D34A729F05CAD00D54DA5 /* OrderResponse.swift in Sources */,
				4B211EC329C21F8600B59F7D /* SignUp.swift in Sources */,
				4B2C759029F2FF6D0045680D /* CartView.swift in Sources */,
				4B8F543B29C36C22003CB934 /* SignInService.swift in Sources */,
				4BC6349C29B9321E0046C2E0 /* AppDelegate.swift in Sources */,
				4B6E5EA529BF8EAD00A3B26F /* SignUpViewController.swift in Sources */,
				4B34891729E4706100188216 /* ProductService.swift in Sources */,
				4BE2642029CBA13F004D7290 /* EmailValidExtension.swift in Sources */,
				4BF5946729D39E200095BDE4 /* PublisherExtension.swift in Sources */,
				4BF5946C29D3A1A60095BDE4 /* DashboardContentView.swift in Sources */,
				4BDBCFA429CA82F200293D8B /* SecureCustomTexField.swift in Sources */,
				4BCB50B92A0EF6E500C1EDAB /* PDFOrderViewController.swift in Sources */,
				4B3738C02A0DBD9500BBCC39 /* OrderDetailsViewController.swift in Sources */,
				4BC634CA29B96EAA0046C2E0 /* User.swift in Sources */,
				4B34891A29E4727D00188216 /* SearchBarViewModel.swift in Sources */,
				4B3D34A929F0861500D54DA5 /* CartViewModel.swift in Sources */,
				4B211EC529C2263300B59F7D /* FormTextField.swift in Sources */,
				4BC6349E29B9321E0046C2E0 /* SceneDelegate.swift in Sources */,
				4B4E5DF929EE06B600DF76ED /* ShortCodeGenerator.swift in Sources */,
				4BF5946E29D3A87D0095BDE4 /* APIResponse.swift in Sources */,
				4B79ED1829D4951000FF97C9 /* ColorExtension.swift in Sources */,
				4B3738BB2A0D9E6B00BBCC39 /* OrdersViewModel.swift in Sources */,
				4B4E5DF729EDAAC000DF76ED /* CartService.swift in Sources */,
				4BA2D1FF29EAD7A3008032A6 /* Cart.swift in Sources */,
				4B34891329E46EC200188216 /* Product.swift in Sources */,
				4BC634B929B937350046C2E0 /* UserRegister.swift in Sources */,
				4B4224AD29D25056009A2CF4 /* OrdersViewController.swift in Sources */,
				4B34891029E46DEF00188216 /* SearchResultView.swift in Sources */,
				4B21028329BA136400E18DF1 /* SignIn.swift in Sources */,
				4B8120E929D20B460087E78F /* MediGearTabBarController.swift in Sources */,
				4B2C758A29F2FBB80045680D /* PurchaseViewController.swift in Sources */,
				4B3738B92A0D9AA700BBCC39 /* OrderService.swift in Sources */,
				4BC634C429B957CB0046C2E0 /* NetworkProvider.swift in Sources */,
				4B3738C22A0DBF0200BBCC39 /* OrderDetailView.swift in Sources */,
				4B80004A29E5B66E0055821D /* SearchResultViewController.swift in Sources */,
				4BF03ED029E769CA005C9B91 /* SingleProductViewController.swift in Sources */,
				4B8F543F29C3B294003CB934 /* LogInViewModel.swift in Sources */,
			);
			runOnlyForDeploymentPostprocessing = 0;
		};
/* End PBXSourcesBuildPhase section */

/* Begin PBXVariantGroup section */
		4BC634A629B932200046C2E0 /* LaunchScreen.storyboard */ = {
			isa = PBXVariantGroup;
			children = (
				4BC634A729B932200046C2E0 /* Base */,
			);
			name = LaunchScreen.storyboard;
			sourceTree = "<group>";
		};
/* End PBXVariantGroup section */

/* Begin XCBuildConfiguration section */
		4BC634AA29B932200046C2E0 /* Debug */ = {
			isa = XCBuildConfiguration;
			buildSettings = {
				ALWAYS_SEARCH_USER_PATHS = NO;
				CLANG_ANALYZER_NONNULL = YES;
				CLANG_ANALYZER_NUMBER_OBJECT_CONVERSION = YES_AGGRESSIVE;
				CLANG_CXX_LANGUAGE_STANDARD = "gnu++20";
				CLANG_ENABLE_MODULES = YES;
				CLANG_ENABLE_OBJC_ARC = YES;
				CLANG_ENABLE_OBJC_WEAK = YES;
				CLANG_WARN_BLOCK_CAPTURE_AUTORELEASING = YES;
				CLANG_WARN_BOOL_CONVERSION = YES;
				CLANG_WARN_COMMA = YES;
				CLANG_WARN_CONSTANT_CONVERSION = YES;
				CLANG_WARN_DEPRECATED_OBJC_IMPLEMENTATIONS = YES;
				CLANG_WARN_DIRECT_OBJC_ISA_USAGE = YES_ERROR;
				CLANG_WARN_DOCUMENTATION_COMMENTS = YES;
				CLANG_WARN_EMPTY_BODY = YES;
				CLANG_WARN_ENUM_CONVERSION = YES;
				CLANG_WARN_INFINITE_RECURSION = YES;
				CLANG_WARN_INT_CONVERSION = YES;
				CLANG_WARN_NON_LITERAL_NULL_CONVERSION = YES;
				CLANG_WARN_OBJC_IMPLICIT_RETAIN_SELF = YES;
				CLANG_WARN_OBJC_LITERAL_CONVERSION = YES;
				CLANG_WARN_OBJC_ROOT_CLASS = YES_ERROR;
				CLANG_WARN_QUOTED_INCLUDE_IN_FRAMEWORK_HEADER = YES;
				CLANG_WARN_RANGE_LOOP_ANALYSIS = YES;
				CLANG_WARN_STRICT_PROTOTYPES = YES;
				CLANG_WARN_SUSPICIOUS_MOVE = YES;
				CLANG_WARN_UNGUARDED_AVAILABILITY = YES_AGGRESSIVE;
				CLANG_WARN_UNREACHABLE_CODE = YES;
				CLANG_WARN__DUPLICATE_METHOD_MATCH = YES;
				COPY_PHASE_STRIP = NO;
				DEBUG_INFORMATION_FORMAT = dwarf;
				ENABLE_STRICT_OBJC_MSGSEND = YES;
				ENABLE_TESTABILITY = YES;
				GCC_C_LANGUAGE_STANDARD = gnu11;
				GCC_DYNAMIC_NO_PIC = NO;
				GCC_NO_COMMON_BLOCKS = YES;
				GCC_OPTIMIZATION_LEVEL = 0;
				GCC_PREPROCESSOR_DEFINITIONS = (
					"DEBUG=1",
					"$(inherited)",
				);
				GCC_WARN_64_TO_32_BIT_CONVERSION = YES;
				GCC_WARN_ABOUT_RETURN_TYPE = YES_ERROR;
				GCC_WARN_UNDECLARED_SELECTOR = YES;
				GCC_WARN_UNINITIALIZED_AUTOS = YES_AGGRESSIVE;
				GCC_WARN_UNUSED_FUNCTION = YES;
				GCC_WARN_UNUSED_VARIABLE = YES;
				IPHONEOS_DEPLOYMENT_TARGET = 16.2;
				MTL_ENABLE_DEBUG_INFO = INCLUDE_SOURCE;
				MTL_FAST_MATH = YES;
				ONLY_ACTIVE_ARCH = YES;
				SDKROOT = iphoneos;
				SWIFT_ACTIVE_COMPILATION_CONDITIONS = DEBUG;
				SWIFT_OPTIMIZATION_LEVEL = "-Onone";
			};
			name = Debug;
		};
		4BC634AB29B932200046C2E0 /* Release */ = {
			isa = XCBuildConfiguration;
			buildSettings = {
				ALWAYS_SEARCH_USER_PATHS = NO;
				CLANG_ANALYZER_NONNULL = YES;
				CLANG_ANALYZER_NUMBER_OBJECT_CONVERSION = YES_AGGRESSIVE;
				CLANG_CXX_LANGUAGE_STANDARD = "gnu++20";
				CLANG_ENABLE_MODULES = YES;
				CLANG_ENABLE_OBJC_ARC = YES;
				CLANG_ENABLE_OBJC_WEAK = YES;
				CLANG_WARN_BLOCK_CAPTURE_AUTORELEASING = YES;
				CLANG_WARN_BOOL_CONVERSION = YES;
				CLANG_WARN_COMMA = YES;
				CLANG_WARN_CONSTANT_CONVERSION = YES;
				CLANG_WARN_DEPRECATED_OBJC_IMPLEMENTATIONS = YES;
				CLANG_WARN_DIRECT_OBJC_ISA_USAGE = YES_ERROR;
				CLANG_WARN_DOCUMENTATION_COMMENTS = YES;
				CLANG_WARN_EMPTY_BODY = YES;
				CLANG_WARN_ENUM_CONVERSION = YES;
				CLANG_WARN_INFINITE_RECURSION = YES;
				CLANG_WARN_INT_CONVERSION = YES;
				CLANG_WARN_NON_LITERAL_NULL_CONVERSION = YES;
				CLANG_WARN_OBJC_IMPLICIT_RETAIN_SELF = YES;
				CLANG_WARN_OBJC_LITERAL_CONVERSION = YES;
				CLANG_WARN_OBJC_ROOT_CLASS = YES_ERROR;
				CLANG_WARN_QUOTED_INCLUDE_IN_FRAMEWORK_HEADER = YES;
				CLANG_WARN_RANGE_LOOP_ANALYSIS = YES;
				CLANG_WARN_STRICT_PROTOTYPES = YES;
				CLANG_WARN_SUSPICIOUS_MOVE = YES;
				CLANG_WARN_UNGUARDED_AVAILABILITY = YES_AGGRESSIVE;
				CLANG_WARN_UNREACHABLE_CODE = YES;
				CLANG_WARN__DUPLICATE_METHOD_MATCH = YES;
				COPY_PHASE_STRIP = NO;
				DEBUG_INFORMATION_FORMAT = "dwarf-with-dsym";
				ENABLE_NS_ASSERTIONS = NO;
				ENABLE_STRICT_OBJC_MSGSEND = YES;
				GCC_C_LANGUAGE_STANDARD = gnu11;
				GCC_NO_COMMON_BLOCKS = YES;
				GCC_WARN_64_TO_32_BIT_CONVERSION = YES;
				GCC_WARN_ABOUT_RETURN_TYPE = YES_ERROR;
				GCC_WARN_UNDECLARED_SELECTOR = YES;
				GCC_WARN_UNINITIALIZED_AUTOS = YES_AGGRESSIVE;
				GCC_WARN_UNUSED_FUNCTION = YES;
				GCC_WARN_UNUSED_VARIABLE = YES;
				IPHONEOS_DEPLOYMENT_TARGET = 16.2;
				MTL_ENABLE_DEBUG_INFO = NO;
				MTL_FAST_MATH = YES;
				SDKROOT = iphoneos;
				SWIFT_COMPILATION_MODE = wholemodule;
				SWIFT_OPTIMIZATION_LEVEL = "-O";
				VALIDATE_PRODUCT = YES;
			};
			name = Release;
		};
		4BC634AD29B932200046C2E0 /* Debug */ = {
			isa = XCBuildConfiguration;
			buildSettings = {
				ASSETCATALOG_COMPILER_APPICON_NAME = AppIcon;
				ASSETCATALOG_COMPILER_GLOBAL_ACCENT_COLOR_NAME = AccentColor;
				CODE_SIGN_STYLE = Automatic;
				CURRENT_PROJECT_VERSION = 1;
				DEVELOPMENT_TEAM = UCRT826FT5;
				GENERATE_INFOPLIST_FILE = YES;
				INFOPLIST_FILE = "medigear-iOSApp/Info.plist";
				INFOPLIST_KEY_UILaunchStoryboardName = LaunchScreen;
				INFOPLIST_KEY_UISupportedInterfaceOrientations_iPad = "UIInterfaceOrientationPortrait UIInterfaceOrientationPortraitUpsideDown UIInterfaceOrientationLandscapeLeft UIInterfaceOrientationLandscapeRight";
				INFOPLIST_KEY_UISupportedInterfaceOrientations_iPhone = "UIInterfaceOrientationPortrait UIInterfaceOrientationLandscapeLeft UIInterfaceOrientationLandscapeRight";
				LD_RUNPATH_SEARCH_PATHS = (
					"$(inherited)",
					"@executable_path/Frameworks",
				);
				MARKETING_VERSION = 1.0;
				PRODUCT_BUNDLE_IDENTIFIER = "gcampos.medigear-iOSApp";
				PRODUCT_NAME = "$(TARGET_NAME)";
				SWIFT_EMIT_LOC_STRINGS = YES;
				SWIFT_VERSION = 5.0;
				TARGETED_DEVICE_FAMILY = "1,2";
			};
			name = Debug;
		};
		4BC634AE29B932200046C2E0 /* Release */ = {
			isa = XCBuildConfiguration;
			buildSettings = {
				ASSETCATALOG_COMPILER_APPICON_NAME = AppIcon;
				ASSETCATALOG_COMPILER_GLOBAL_ACCENT_COLOR_NAME = AccentColor;
				CODE_SIGN_STYLE = Automatic;
				CURRENT_PROJECT_VERSION = 1;
				DEVELOPMENT_TEAM = UCRT826FT5;
				GENERATE_INFOPLIST_FILE = YES;
				INFOPLIST_FILE = "medigear-iOSApp/Info.plist";
				INFOPLIST_KEY_UILaunchStoryboardName = LaunchScreen;
				INFOPLIST_KEY_UISupportedInterfaceOrientations_iPad = "UIInterfaceOrientationPortrait UIInterfaceOrientationPortraitUpsideDown UIInterfaceOrientationLandscapeLeft UIInterfaceOrientationLandscapeRight";
				INFOPLIST_KEY_UISupportedInterfaceOrientations_iPhone = "UIInterfaceOrientationPortrait UIInterfaceOrientationLandscapeLeft UIInterfaceOrientationLandscapeRight";
				LD_RUNPATH_SEARCH_PATHS = (
					"$(inherited)",
					"@executable_path/Frameworks",
				);
				MARKETING_VERSION = 1.0;
				PRODUCT_BUNDLE_IDENTIFIER = "gcampos.medigear-iOSApp";
				PRODUCT_NAME = "$(TARGET_NAME)";
				SWIFT_EMIT_LOC_STRINGS = YES;
				SWIFT_VERSION = 5.0;
				TARGETED_DEVICE_FAMILY = "1,2";
			};
			name = Release;
		};
/* End XCBuildConfiguration section */

/* Begin XCConfigurationList section */
		4BC6349329B9321E0046C2E0 /* Build configuration list for PBXProject "medigear-iOSApp" */ = {
			isa = XCConfigurationList;
			buildConfigurations = (
				4BC634AA29B932200046C2E0 /* Debug */,
				4BC634AB29B932200046C2E0 /* Release */,
			);
			defaultConfigurationIsVisible = 0;
			defaultConfigurationName = Release;
		};
		4BC634AC29B932200046C2E0 /* Build configuration list for PBXNativeTarget "medigear-iOSApp" */ = {
			isa = XCConfigurationList;
			buildConfigurations = (
				4BC634AD29B932200046C2E0 /* Debug */,
				4BC634AE29B932200046C2E0 /* Release */,
			);
			defaultConfigurationIsVisible = 0;
			defaultConfigurationName = Release;
		};
/* End XCConfigurationList section */

/* Begin XCRemoteSwiftPackageReference section */
		4B6E5EA629BFC84900A3B26F /* XCRemoteSwiftPackageReference "Nuke" */ = {
			isa = XCRemoteSwiftPackageReference;
			repositoryURL = "https://github.com/kean/Nuke.git";
			requirement = {
				kind = upToNextMajorVersion;
				minimumVersion = 12.0.0;
			};
		};
		4B83547229BFED75006FC02A /* XCRemoteSwiftPackageReference "TogglableSecureField" */ = {
			isa = XCRemoteSwiftPackageReference;
			repositoryURL = "https://github.com/perfaram/TogglableSecureField.git";
			requirement = {
				kind = upToNextMajorVersion;
				minimumVersion = 1.1.0;
			};
		};
		4BDBCFA029CA6B8100293D8B /* XCRemoteSwiftPackageReference "Navajo-Swift" */ = {
			isa = XCRemoteSwiftPackageReference;
			repositoryURL = "https://github.com/Wistas23/Navajo-Swift.git";
			requirement = {
				kind = upToNextMajorVersion;
				minimumVersion = 2.0.0;
			};
		};
/* End XCRemoteSwiftPackageReference section */

/* Begin XCSwiftPackageProductDependency section */
		4B6E5EAA29BFD5FE00A3B26F /* Nuke */ = {
			isa = XCSwiftPackageProductDependency;
			package = 4B6E5EA629BFC84900A3B26F /* XCRemoteSwiftPackageReference "Nuke" */;
			productName = Nuke;
		};
		4B83547029BFDA5F006FC02A /* NukeUI */ = {
			isa = XCSwiftPackageProductDependency;
			package = 4B6E5EA629BFC84900A3B26F /* XCRemoteSwiftPackageReference "Nuke" */;
			productName = NukeUI;
		};
		4B83547329BFED75006FC02A /* TogglableSecureField */ = {
			isa = XCSwiftPackageProductDependency;
			package = 4B83547229BFED75006FC02A /* XCRemoteSwiftPackageReference "TogglableSecureField" */;
			productName = TogglableSecureField;
		};
		4BDBCFA129CA6B8100293D8B /* Navajo-Swift */ = {
			isa = XCSwiftPackageProductDependency;
			package = 4BDBCFA029CA6B8100293D8B /* XCRemoteSwiftPackageReference "Navajo-Swift" */;
			productName = "Navajo-Swift";
		};
/* End XCSwiftPackageProductDependency section */
	};
	rootObject = 4BC6349029B9321E0046C2E0 /* Project object */;
}
